// !$*UTF8*$!
{
	archiveVersion = 1;
	classes = {
	};
	objectVersion = 77;
	objects = {

/* Begin PBXBuildFile section */
		19451F0FC15FB72AE12911AB /* URRegistryFFI.xcframework in Frameworks */ = {isa = PBXBuildFile; fileRef = 2AC1F45FFBD6048622E028B4 /* URRegistryFFI.xcframework */; };
		3EAB194736C1A08735CBA081 /* KeystoneFFIDemoApp.swift in Sources */ = {isa = PBXBuildFile; fileRef = 3853980E0E392D8485B4566D /* KeystoneFFIDemoApp.swift */; };
		83A5BCBC92E887037F4E6E99 /* ParseCryptoMultiAccountsDemo.swift in Sources */ = {isa = PBXBuildFile; fileRef = BE17047FC386028B9410F3DF /* ParseCryptoMultiAccountsDemo.swift */; };
		864EC862F7D60C6888926FBE /* CryptoMultiAccountsLogSamples.swift in Sources */ = {isa = PBXBuildFile; fileRef = EB9C9EDD5C0FECC34468B98D /* CryptoMultiAccountsLogSamples.swift */; };
		9A6A0030AE808A4C45BCA472 /* ContentView.swift in Sources */ = {isa = PBXBuildFile; fileRef = 1011E3C0072BE89E83180FD0 /* ContentView.swift */; };
		9F34FF816CD8D4546F442D21 /* URRegistryFFI.xcframework in Embed Frameworks */ = {isa = PBXBuildFile; fileRef = 2AC1F45FFBD6048622E028B4 /* URRegistryFFI.xcframework */; settings = {ATTRIBUTES = (CodeSignOnCopy, RemoveHeadersOnCopy, ); }; };
/* End PBXBuildFile section */

/* Begin PBXCopyFilesBuildPhase section */
		ED14529BA5F4CBEF45FC1715 /* Embed Frameworks */ = {
			isa = PBXCopyFilesBuildPhase;
			buildActionMask = 2147483647;
			dstPath = "";
			dstSubfolderSpec = 10;
			files = (
				9F34FF816CD8D4546F442D21 /* URRegistryFFI.xcframework in Embed Frameworks */,
			);
			name = "Embed Frameworks";
			runOnlyForDeploymentPostprocessing = 0;
		};
/* End PBXCopyFilesBuildPhase section */

/* Begin PBXFileReference section */
		1011E3C0072BE89E83180FD0 /* ContentView.swift */ = {isa = PBXFileReference; lastKnownFileType = sourcecode.swift; path = ContentView.swift; sourceTree = "<group>"; };
		2AC1F45FFBD6048622E028B4 /* URRegistryFFI.xcframework */ = {isa = PBXFileReference; lastKnownFileType = wrapper.xcframework; name = URRegistryFFI.xcframework; path = ../../target/URRegistryFFI.xcframework; sourceTree = "<group>"; };
		3853980E0E392D8485B4566D /* KeystoneFFIDemoApp.swift */ = {isa = PBXFileReference; lastKnownFileType = sourcecode.swift; path = KeystoneFFIDemoApp.swift; sourceTree = "<group>"; };
		484CC221960C217DD55884EB /* Info.plist */ = {isa = PBXFileReference; lastKnownFileType = text.plist; path = Info.plist; sourceTree = "<group>"; };
		BE17047FC386028B9410F3DF /* ParseCryptoMultiAccountsDemo.swift */ = {isa = PBXFileReference; lastKnownFileType = sourcecode.swift; path = ParseCryptoMultiAccountsDemo.swift; sourceTree = "<group>"; };
		DDAC5F79E93DED43CB01D1E4 /* KeystoneFFIDemo.app */ = {isa = PBXFileReference; includeInIndex = 0; lastKnownFileType = wrapper.application; path = KeystoneFFIDemo.app; sourceTree = BUILT_PRODUCTS_DIR; };
		EB9C9EDD5C0FECC34468B98D /* CryptoMultiAccountsLogSamples.swift */ = {isa = PBXFileReference; lastKnownFileType = sourcecode.swift; path = CryptoMultiAccountsLogSamples.swift; sourceTree = "<group>"; };
/* End PBXFileReference section */

/* Begin PBXFrameworksBuildPhase section */
		FFD291B4A77255FB496EA28C /* Frameworks */ = {
			isa = PBXFrameworksBuildPhase;
			buildActionMask = 2147483647;
			files = (
				19451F0FC15FB72AE12911AB /* URRegistryFFI.xcframework in Frameworks */,
			);
			runOnlyForDeploymentPostprocessing = 0;
		};
/* End PBXFrameworksBuildPhase section */

/* Begin PBXGroup section */
		3A47CC5D5D3C377877B4593C /* Frameworks */ = {
			isa = PBXGroup;
			children = (
				2AC1F45FFBD6048622E028B4 /* URRegistryFFI.xcframework */,
			);
			name = Frameworks;
			sourceTree = "<group>";
		};
		579D80761E8D66933A88A29E /* App */ = {
			isa = PBXGroup;
			children = (
				1011E3C0072BE89E83180FD0 /* ContentView.swift */,
				484CC221960C217DD55884EB /* Info.plist */,
				3853980E0E392D8485B4566D /* KeystoneFFIDemoApp.swift */,
			);
			path = App;
			sourceTree = "<group>";
		};
		8685A12D3BE096D8E56E9834 = {
			isa = PBXGroup;
			children = (
				EB9C9EDD5C0FECC34468B98D /* CryptoMultiAccountsLogSamples.swift */,
				BE17047FC386028B9410F3DF /* ParseCryptoMultiAccountsDemo.swift */,
				579D80761E8D66933A88A29E /* App */,
				3A47CC5D5D3C377877B4593C /* Frameworks */,
				B2BE0573631D4ED51DD2AC2D /* Products */,
			);
			sourceTree = "<group>";
		};
		B2BE0573631D4ED51DD2AC2D /* Products */ = {
			isa = PBXGroup;
			children = (
				DDAC5F79E93DED43CB01D1E4 /* KeystoneFFIDemo.app */,
			);
			name = Products;
			sourceTree = "<group>";
		};
/* End PBXGroup section */

/* Begin PBXNativeTarget section */
		2C38968A223ABD0392CDBD03 /* KeystoneFFIDemo */ = {
			isa = PBXNativeTarget;
			buildConfigurationList = 629F31DE7F64B7085ACA94D8 /* Build configuration list for PBXNativeTarget "KeystoneFFIDemo" */;
			buildPhases = (
				5D021881E7C1EE359C5DFAE9 /* Sources */,
				FFD291B4A77255FB496EA28C /* Frameworks */,
				ED14529BA5F4CBEF45FC1715 /* Embed Frameworks */,
			);
			buildRules = (
			);
			dependencies = (
			);
			name = KeystoneFFIDemo;
			packageProductDependencies = (
			);
			productName = KeystoneFFIDemo;
			productReference = DDAC5F79E93DED43CB01D1E4 /* KeystoneFFIDemo.app */;
			productType = "com.apple.product-type.application";
		};
/* End PBXNativeTarget section */

/* Begin PBXProject section */
		151FAF6ED803819477FB568F /* Project object */ = {
			isa = PBXProject;
			attributes = {
				BuildIndependentTargetsInParallel = YES;
				LastUpgradeCheck = 1430;
				TargetAttributes = {
					2C38968A223ABD0392CDBD03 = {
						ProvisioningStyle = Automatic;
					};
				};
			};
			buildConfigurationList = BFC6979DE252B60D07851ADD /* Build configuration list for PBXProject "KeystoneFFIDemo" */;
			developmentRegion = en;
			hasScannedForEncodings = 0;
			knownRegions = (
				Base,
				en,
			);
			mainGroup = 8685A12D3BE096D8E56E9834;
			minimizedProjectReferenceProxies = 1;
			preferredProjectObjectVersion = 77;
			productRefGroup = B2BE0573631D4ED51DD2AC2D /* Products */;
			projectDirPath = "";
			projectRoot = "";
			targets = (
				2C38968A223ABD0392CDBD03 /* KeystoneFFIDemo */,
			);
		};
/* End PBXProject section */

/* Begin PBXSourcesBuildPhase section */
		5D021881E7C1EE359C5DFAE9 /* Sources */ = {
			isa = PBXSourcesBuildPhase;
			buildActionMask = 2147483647;
			files = (
				9A6A0030AE808A4C45BCA472 /* ContentView.swift in Sources */,
				864EC862F7D60C6888926FBE /* CryptoMultiAccountsLogSamples.swift in Sources */,
				3EAB194736C1A08735CBA081 /* KeystoneFFIDemoApp.swift in Sources */,
				83A5BCBC92E887037F4E6E99 /* ParseCryptoMultiAccountsDemo.swift in Sources */,
			);
			runOnlyForDeploymentPostprocessing = 0;
		};
/* End PBXSourcesBuildPhase section */

/* Begin XCBuildConfiguration section */
		826D9816BC5395167DD3D718 /* Release */ = {
			isa = XCBuildConfiguration;
			buildSettings = {
				ASSETCATALOG_COMPILER_APPICON_NAME = AppIcon;
				CODE_SIGN_IDENTITY = "iPhone Developer";
				CODE_SIGN_STYLE = Automatic;
				CURRENT_PROJECT_VERSION = 1;
				FRAMEWORK_SEARCH_PATHS = (
					"$(inherited)",
					"\"../../target\"",
				);
				GENERATE_INFOPLIST_FILE = NO;
				INFOPLIST_FILE = App/Info.plist;
				IPHONEOS_DEPLOYMENT_TARGET = 26.2;
				LD_RUNPATH_SEARCH_PATHS = (
					"$(inherited)",
					"@executable_path/Frameworks",
				);
				MARKETING_VERSION = 1.0;
				PRODUCT_BUNDLE_IDENTIFIER = com.keystone.demo.iosffi;
				PRODUCT_NAME = KeystoneFFIDemo;
				SDKROOT = iphoneos;
				SWIFT_VERSION = 5.0;
				TARGETED_DEVICE_FAMILY = "1,2";
			};
			name = Release;
		};
		B26D7F8CAC8D08F1CB8B7BB1 /* Debug */ = {
			isa = XCBuildConfiguration;
			buildSettings = {
				ASSETCATALOG_COMPILER_APPICON_NAME = AppIcon;
				CODE_SIGN_IDENTITY = "iPhone Developer";
				CODE_SIGN_STYLE = Automatic;
				CURRENT_PROJECT_VERSION = 1;
				FRAMEWORK_SEARCH_PATHS = (
					"$(inherited)",
					"\"../../target\"",
				);
				GENERATE_INFOPLIST_FILE = NO;
				INFOPLIST_FILE = App/Info.plist;
				IPHONEOS_DEPLOYMENT_TARGET = 26.2;
				LD_RUNPATH_SEARCH_PATHS = (
					"$(inherited)",
					"@executable_path/Frameworks",
				);
				MARKETING_VERSION = 1.0;
				PRODUCT_BUNDLE_IDENTIFIER = com.keystone.demo.iosffi;
				PRODUCT_NAME = KeystoneFFIDemo;
				SDKROOT = iphoneos;
				SWIFT_VERSION = 5.0;
				TARGETED_DEVICE_FAMILY = "1,2";
			};
			name = Debug;
		};
		D6E7D749590363756CC39DFF /* Debug */ = {
			isa = XCBuildConfiguration;
			buildSettings = {
				ALWAYS_SEARCH_USER_PATHS = NO;
				CLANG_ANALYZER_NONNULL = YES;
				CLANG_ANALYZER_NUMBER_OBJECT_CONVERSION = YES_AGGRESSIVE;
				CLANG_CXX_LANGUAGE_STANDARD = "gnu++14";
				CLANG_CXX_LIBRARY = "libc++";
				CLANG_ENABLE_MODULES = YES;
				CLANG_ENABLE_OBJC_ARC = YES;
				CLANG_ENABLE_OBJC_WEAK = YES;
				CLANG_WARN_BLOCK_CAPTURE_AUTORELEASING = YES;
				CLANG_WARN_BOOL_CONVERSION = YES;
				CLANG_WARN_COMMA = YES;
				CLANG_WARN_CONSTANT_CONVERSION = YES;
				CLANG_WARN_DEPRECATED_OBJC_IMPLEMENTATIONS = YES;
				CLANG_WARN_DIRECT_OBJC_ISA_USAGE = YES_ERROR;
				CLANG_WARN_DOCUMENTATION_COMMENTS = YES;
				CLANG_WARN_EMPTY_BODY = YES;
				CLANG_WARN_ENUM_CONVERSION = YES;
				CLANG_WARN_INFINITE_RECURSION = YES;
				CLANG_WARN_INT_CONVERSION = YES;
				CLANG_WARN_NON_LITERAL_NULL_CONVERSION = YES;
				CLANG_WARN_OBJC_IMPLICIT_RETAIN_SELF = YES;
				CLANG_WARN_OBJC_LITERAL_CONVERSION = YES;
				CLANG_WARN_OBJC_ROOT_CLASS = YES_ERROR;
				CLANG_WARN_QUOTED_INCLUDE_IN_FRAMEWORK_HEADER = YES;
				CLANG_WARN_RANGE_LOOP_ANALYSIS = YES;
				CLANG_WARN_STRICT_PROTOTYPES = YES;
				CLANG_WARN_SUSPICIOUS_MOVE = YES;
				CLANG_WARN_UNGUARDED_AVAILABILITY = YES_AGGRESSIVE;
				CLANG_WARN_UNREACHABLE_CODE = YES;
				CLANG_WARN__DUPLICATE_METHOD_MATCH = YES;
				COPY_PHASE_STRIP = NO;
				DEBUG_INFORMATION_FORMAT = dwarf;
				ENABLE_STRICT_OBJC_MSGSEND = YES;
				ENABLE_TESTABILITY = YES;
				GCC_C_LANGUAGE_STANDARD = gnu11;
				GCC_DYNAMIC_NO_PIC = NO;
				GCC_NO_COMMON_BLOCKS = YES;
				GCC_OPTIMIZATION_LEVEL = 0;
				GCC_PREPROCESSOR_DEFINITIONS = (
					"$(inherited)",
					"DEBUG=1",
				);
				GCC_WARN_64_TO_32_BIT_CONVERSION = YES;
				GCC_WARN_ABOUT_RETURN_TYPE = YES_ERROR;
				GCC_WARN_UNDECLARED_SELECTOR = YES;
				GCC_WARN_UNINITIALIZED_AUTOS = YES_AGGRESSIVE;
				GCC_WARN_UNUSED_FUNCTION = YES;
				GCC_WARN_UNUSED_VARIABLE = YES;
				MTL_ENABLE_DEBUG_INFO = INCLUDE_SOURCE;
				MTL_FAST_MATH = YES;
				ONLY_ACTIVE_ARCH = YES;
				PRODUCT_NAME = "$(TARGET_NAME)";
				SDKROOT = iphoneos;
				SWIFT_ACTIVE_COMPILATION_CONDITIONS = DEBUG;
				SWIFT_OPTIMIZATION_LEVEL = "-Onone";
				SWIFT_VERSION = 5.0;
			};
			name = Debug;
		};
		F5CE3800123B8E50B2423E71 /* Release */ = {
			isa = XCBuildConfiguration;
			buildSettings = {
				ALWAYS_SEARCH_USER_PATHS = NO;
				CLANG_ANALYZER_NONNULL = YES;
				CLANG_ANALYZER_NUMBER_OBJECT_CONVERSION = YES_AGGRESSIVE;
				CLANG_CXX_LANGUAGE_STANDARD = "gnu++14";
				CLANG_CXX_LIBRARY = "libc++";
				CLANG_ENABLE_MODULES = YES;
				CLANG_ENABLE_OBJC_ARC = YES;
				CLANG_ENABLE_OBJC_WEAK = YES;
				CLANG_WARN_BLOCK_CAPTURE_AUTORELEASING = YES;
				CLANG_WARN_BOOL_CONVERSION = YES;
				CLANG_WARN_COMMA = YES;
				CLANG_WARN_CONSTANT_CONVERSION = YES;
				CLANG_WARN_DEPRECATED_OBJC_IMPLEMENTATIONS = YES;
				CLANG_WARN_DIRECT_OBJC_ISA_USAGE = YES_ERROR;
				CLANG_WARN_DOCUMENTATION_COMMENTS = YES;
				CLANG_WARN_EMPTY_BODY = YES;
				CLANG_WARN_ENUM_CONVERSION = YES;
				CLANG_WARN_INFINITE_RECURSION = YES;
				CLANG_WARN_INT_CONVERSION = YES;
				CLANG_WARN_NON_LITERAL_NULL_CONVERSION = YES;
				CLANG_WARN_OBJC_IMPLICIT_RETAIN_SELF = YES;
				CLANG_WARN_OBJC_LITERAL_CONVERSION = YES;
				CLANG_WARN_OBJC_ROOT_CLASS = YES_ERROR;
				CLANG_WARN_QUOTED_INCLUDE_IN_FRAMEWORK_HEADER = YES;
				CLANG_WARN_RANGE_LOOP_ANALYSIS = YES;
				CLANG_WARN_STRICT_PROTOTYPES = YES;
				CLANG_WARN_SUSPICIOUS_MOVE = YES;
				CLANG_WARN_UNGUARDED_AVAILABILITY = YES_AGGRESSIVE;
				CLANG_WARN_UNREACHABLE_CODE = YES;
				CLANG_WARN__DUPLICATE_METHOD_MATCH = YES;
				COPY_PHASE_STRIP = NO;
				DEBUG_INFORMATION_FORMAT = "dwarf-with-dsym";
				ENABLE_NS_ASSERTIONS = NO;
				ENABLE_STRICT_OBJC_MSGSEND = YES;
				GCC_C_LANGUAGE_STANDARD = gnu11;
				GCC_NO_COMMON_BLOCKS = YES;
				GCC_WARN_64_TO_32_BIT_CONVERSION = YES;
				GCC_WARN_ABOUT_RETURN_TYPE = YES_ERROR;
				GCC_WARN_UNDECLARED_SELECTOR = YES;
				GCC_WARN_UNINITIALIZED_AUTOS = YES_AGGRESSIVE;
				GCC_WARN_UNUSED_FUNCTION = YES;
				GCC_WARN_UNUSED_VARIABLE = YES;
				MTL_ENABLE_DEBUG_INFO = NO;
				MTL_FAST_MATH = YES;
				PRODUCT_NAME = "$(TARGET_NAME)";
				SDKROOT = iphoneos;
				SWIFT_COMPILATION_MODE = wholemodule;
				SWIFT_OPTIMIZATION_LEVEL = "-O";
				SWIFT_VERSION = 5.0;
			};
			name = Release;
		};
/* End XCBuildConfiguration section */

/* Begin XCConfigurationList section */
		629F31DE7F64B7085ACA94D8 /* Build configuration list for PBXNativeTarget "KeystoneFFIDemo" */ = {
			isa = XCConfigurationList;
			buildConfigurations = (
				B26D7F8CAC8D08F1CB8B7BB1 /* Debug */,
				826D9816BC5395167DD3D718 /* Release */,
			);
			defaultConfigurationIsVisible = 0;
			defaultConfigurationName = Debug;
		};
		BFC6979DE252B60D07851ADD /* Build configuration list for PBXProject "KeystoneFFIDemo" */ = {
			isa = XCConfigurationList;
			buildConfigurations = (
				D6E7D749590363756CC39DFF /* Debug */,
				F5CE3800123B8E50B2423E71 /* Release */,
			);
			defaultConfigurationIsVisible = 0;
			defaultConfigurationName = Debug;
		};
/* End XCConfigurationList section */
	};
	rootObject = 151FAF6ED803819477FB568F /* Project object */;
}
